
Microsoft Visual Studio Solution File, Format Version 12.00
Project("{FAE04EC0-301F-11D3-BF4B-00C04F79EFBC}") = "DbDataSyncService", "DbDataSyncService.csproj", "{DB536C4F-EE75-4C8C-BF06-1FFA07D1B011}"
EndProject
Global
	GlobalSection(SolutionConfigurationPlatforms) = preSolution
		Debug|Any CPU = Debug|Any CPU
		Release|Any CPU = Release|Any CPU
	EndGlobalSection
	GlobalSection(ProjectConfigurationPlatforms) = postSolution
		{DB536C4F-EE75-4C8C-BF06-1FFA07D1B011}.Debug|Any CPU.ActiveCfg = Debug|Any CPU
		{DB536C4F-EE75-4C8C-BF06-1FFA07D1B011}.Debug|Any CPU.Build.0 = Debug|Any CPU
		{DB536C4F-EE75-4C8C-BF06-1FFA07D1B011}.Release|Any CPU.ActiveCfg = Release|Any CPU
		{DB536C4F-EE75-4C8C-BF06-1FFA07D1B011}.Release|Any CPU.Build.0 = Release|Any CPU
	EndGlobalSection
EndGlobal
